// !$*UTF8*$!
{
	archiveVersion = 1;
	classes = {
	};
	objectVersion = 48;
	objects = {

/* Begin PBXBuildFile section */
		3238CE6D1FB8ED380011F832 /* NYTNewsViewController.swift in Sources */ = {isa = PBXBuildFile; fileRef = 3238CE6C1FB8ED380011F832 /* NYTNewsViewController.swift */; };
		3238CE6F1FB8EE2B0011F832 /* NYTNewsTableViewCell.swift in Sources */ = {isa = PBXBuildFile; fileRef = 3238CE6E1FB8EE2B0011F832 /* NYTNewsTableViewCell.swift */; };
		3238CE711FB8F1F50011F832 /* NYTNewsPhotoView.swift in Sources */ = {isa = PBXBuildFile; fileRef = 3238CE701FB8F1F50011F832 /* NYTNewsPhotoView.swift */; };
		3238CE731FB8F2040011F832 /* NYTNewsContentView.swift in Sources */ = {isa = PBXBuildFile; fileRef = 3238CE721FB8F2040011F832 /* NYTNewsContentView.swift */; };
		3238CE781FB93CEB0011F832 /* String+Util.swift in Sources */ = {isa = PBXBuildFile; fileRef = 3238CE771FB93CEB0011F832 /* String+Util.swift */; };
		32C1883E1FB8D62D00827F48 /* AppDelegate.swift in Sources */ = {isa = PBXBuildFile; fileRef = 32C1883D1FB8D62D00827F48 /* AppDelegate.swift */; };
		32C188431FB8D62D00827F48 /* Main.storyboard in Resources */ = {isa = PBXBuildFile; fileRef = 32C188411FB8D62D00827F48 /* Main.storyboard */; };
		32C188451FB8D62D00827F48 /* Assets.xcassets in Resources */ = {isa = PBXBuildFile; fileRef = 32C188441FB8D62D00827F48 /* Assets.xcassets */; };
		32C188481FB8D62D00827F48 /* LaunchScreen.storyboard in Resources */ = {isa = PBXBuildFile; fileRef = 32C188461FB8D62D00827F48 /* LaunchScreen.storyboard */; };
		32C1885A1FB8DBF200827F48 /* Client.swift in Sources */ = {isa = PBXBuildFile; fileRef = 32C188591FB8DBF200827F48 /* Client.swift */; };
		32C1885C1FB8DC1700827F48 /* Request.swift in Sources */ = {isa = PBXBuildFile; fileRef = 32C1885B1FB8DC1700827F48 /* Request.swift */; };
		32C1885E1FB8DC1E00827F48 /* Decoder.swift in Sources */ = {isa = PBXBuildFile; fileRef = 32C1885D1FB8DC1E00827F48 /* Decoder.swift */; };
		32C188601FB8DC2900827F48 /* Decodable.swift in Sources */ = {isa = PBXBuildFile; fileRef = 32C1885F1FB8DC2900827F48 /* Decodable.swift */; };
		32C188621FB8DE8300827F48 /* NYTClient.swift in Sources */ = {isa = PBXBuildFile; fileRef = 32C188611FB8DE8300827F48 /* NYTClient.swift */; };
		32C188641FB8DF7200827F48 /* NYTNewswireRequest.swift in Sources */ = {isa = PBXBuildFile; fileRef = 32C188631FB8DF7200827F48 /* NYTNewswireRequest.swift */; };
		32C188661FB8DFCC00827F48 /* News.swift in Sources */ = {isa = PBXBuildFile; fileRef = 32C188651FB8DFCC00827F48 /* News.swift */; };
		32C188681FB8E0F100827F48 /* NewsPhoto.swift in Sources */ = {isa = PBXBuildFile; fileRef = 32C188671FB8E0F100827F48 /* NewsPhoto.swift */; };
		32C1886E1FB8E31F00827F48 /* NYTNewsManager.swift in Sources */ = {isa = PBXBuildFile; fileRef = 32C1886D1FB8E31F00827F48 /* NYTNewsManager.swift */; };
		32C188701FB8E7B600827F48 /* NewsCollection.swift in Sources */ = {isa = PBXBuildFile; fileRef = 32C1886F1FB8E7B600827F48 /* NewsCollection.swift */; };
		7AC8AB5C4FA61DE41CD1A649 /* Pods_NYTReader.framework in Frameworks */ = {isa = PBXBuildFile; fileRef = 6B5C6F2DF6300E8AA099A9E2 /* Pods_NYTReader.framework */; };
/* End PBXBuildFile section */

/* Begin PBXFileReference section */
		3238CE6C1FB8ED380011F832 /* NYTNewsViewController.swift */ = {isa = PBXFileReference; lastKnownFileType = sourcecode.swift; path = NYTNewsViewController.swift; sourceTree = "<group>"; };
		3238CE6E1FB8EE2B0011F832 /* NYTNewsTableViewCell.swift */ = {isa = PBXFileReference; lastKnownFileType = sourcecode.swift; path = NYTNewsTableViewCell.swift; sourceTree = "<group>"; };
		3238CE701FB8F1F50011F832 /* NYTNewsPhotoView.swift */ = {isa = PBXFileReference; lastKnownFileType = sourcecode.swift; path = NYTNewsPhotoView.swift; sourceTree = "<group>"; };
		3238CE721FB8F2040011F832 /* NYTNewsContentView.swift */ = {isa = PBXFileReference; lastKnownFileType = sourcecode.swift; path = NYTNewsContentView.swift; sourceTree = "<group>"; };
		3238CE771FB93CEB0011F832 /* String+Util.swift */ = {isa = PBXFileReference; lastKnownFileType = sourcecode.swift; path = "String+Util.swift"; sourceTree = "<group>"; };
		32C1883A1FB8D62D00827F48 /* NYTReader.app */ = {isa = PBXFileReference; explicitFileType = wrapper.application; includeInIndex = 0; path = NYTReader.app; sourceTree = BUILT_PRODUCTS_DIR; };
		32C1883D1FB8D62D00827F48 /* AppDelegate.swift */ = {isa = PBXFileReference; lastKnownFileType = sourcecode.swift; path = AppDelegate.swift; sourceTree = "<group>"; };
		32C188421FB8D62D00827F48 /* Base */ = {isa = PBXFileReference; lastKnownFileType = file.storyboard; name = Base; path = Base.lproj/Main.storyboard; sourceTree = "<group>"; };
		32C188441FB8D62D00827F48 /* Assets.xcassets */ = {isa = PBXFileReference; lastKnownFileType = folder.assetcatalog; path = Assets.xcassets; sourceTree = "<group>"; };
		32C188471FB8D62D00827F48 /* Base */ = {isa = PBXFileReference; lastKnownFileType = file.storyboard; name = Base; path = Base.lproj/LaunchScreen.storyboard; sourceTree = "<group>"; };
		32C188491FB8D62D00827F48 /* Info.plist */ = {isa = PBXFileReference; lastKnownFileType = text.plist.xml; path = Info.plist; sourceTree = "<group>"; };
		32C188591FB8DBF200827F48 /* Client.swift */ = {isa = PBXFileReference; lastKnownFileType = sourcecode.swift; path = Client.swift; sourceTree = "<group>"; };
		32C1885B1FB8DC1700827F48 /* Request.swift */ = {isa = PBXFileReference; lastKnownFileType = sourcecode.swift; path = Request.swift; sourceTree = "<group>"; };
		32C1885D1FB8DC1E00827F48 /* Decoder.swift */ = {isa = PBXFileReference; lastKnownFileType = sourcecode.swift; path = Decoder.swift; sourceTree = "<group>"; };
		32C1885F1FB8DC2900827F48 /* Decodable.swift */ = {isa = PBXFileReference; lastKnownFileType = sourcecode.swift; path = Decodable.swift; sourceTree = "<group>"; };
		32C188611FB8DE8300827F48 /* NYTClient.swift */ = {isa = PBXFileReference; lastKnownFileType = sourcecode.swift; path = NYTClient.swift; sourceTree = "<group>"; };
		32C188631FB8DF7200827F48 /* NYTNewswireRequest.swift */ = {isa = PBXFileReference; lastKnownFileType = sourcecode.swift; path = NYTNewswireRequest.swift; sourceTree = "<group>"; };
		32C188651FB8DFCC00827F48 /* News.swift */ = {isa = PBXFileReference; lastKnownFileType = sourcecode.swift; path = News.swift; sourceTree = "<group>"; };
		32C188671FB8E0F100827F48 /* NewsPhoto.swift */ = {isa = PBXFileReference; lastKnownFileType = sourcecode.swift; path = NewsPhoto.swift; sourceTree = "<group>"; };
		32C1886D1FB8E31F00827F48 /* NYTNewsManager.swift */ = {isa = PBXFileReference; lastKnownFileType = sourcecode.swift; path = NYTNewsManager.swift; sourceTree = "<group>"; };
		32C1886F1FB8E7B600827F48 /* NewsCollection.swift */ = {isa = PBXFileReference; lastKnownFileType = sourcecode.swift; path = NewsCollection.swift; sourceTree = "<group>"; };
		6B5C6F2DF6300E8AA099A9E2 /* Pods_NYTReader.framework */ = {isa = PBXFileReference; explicitFileType = wrapper.framework; includeInIndex = 0; path = Pods_NYTReader.framework; sourceTree = BUILT_PRODUCTS_DIR; };
		D4E3396BDB123314C1893ED4 /* Pods-NYTReader.debug.xcconfig */ = {isa = PBXFileReference; includeInIndex = 1; lastKnownFileType = text.xcconfig; name = "Pods-NYTReader.debug.xcconfig"; path = "Pods/Target Support Files/Pods-NYTReader/Pods-NYTReader.debug.xcconfig"; sourceTree = "<group>"; };
		F49EAB43D6C4BF590733888E /* Pods-NYTReader.release.xcconfig */ = {isa = PBXFileReference; includeInIndex = 1; lastKnownFileType = text.xcconfig; name = "Pods-NYTReader.release.xcconfig"; path = "Pods/Target Support Files/Pods-NYTReader/Pods-NYTReader.release.xcconfig"; sourceTree = "<group>"; };
/* End PBXFileReference section */

/* Begin PBXFrameworksBuildPhase section */
		32C188371FB8D62D00827F48 /* Frameworks */ = {
			isa = PBXFrameworksBuildPhase;
			buildActionMask = 2147483647;
			files = (
				7AC8AB5C4FA61DE41CD1A649 /* Pods_NYTReader.framework in Frameworks */,
			);
			runOnlyForDeploymentPostprocessing = 0;
		};
/* End PBXFrameworksBuildPhase section */

/* Begin PBXGroup section */
		1DBC5F1C71063F017E70B2AE /* Pods */ = {
			isa = PBXGroup;
			children = (
				D4E3396BDB123314C1893ED4 /* Pods-NYTReader.debug.xcconfig */,
				F49EAB43D6C4BF590733888E /* Pods-NYTReader.release.xcconfig */,
			);
			name = Pods;
			sourceTree = "<group>";
		};
		3238CE741FB93BCB0011F832 /* Extension */ = {
			isa = PBXGroup;
			children = (
				3238CE771FB93CEB0011F832 /* String+Util.swift */,
			);
			path = Extension;
			sourceTree = "<group>";
		};
		32C188311FB8D62D00827F48 = {
			isa = PBXGroup;
			children = (
				32C1883C1FB8D62D00827F48 /* NYTReader */,
				32C1883B1FB8D62D00827F48 /* Products */,
				1DBC5F1C71063F017E70B2AE /* Pods */,
				891024CF0C642DE9E6F5CD11 /* Frameworks */,
			);
			sourceTree = "<group>";
		};
		32C1883B1FB8D62D00827F48 /* Products */ = {
			isa = PBXGroup;
			children = (
				32C1883A1FB8D62D00827F48 /* NYTReader.app */,
			);
			name = Products;
			sourceTree = "<group>";
		};
		32C1883C1FB8D62D00827F48 /* NYTReader */ = {
			isa = PBXGroup;
			children = (
				32C188511FB8D67E00827F48 /* Model */,
				32C188501FB8D67800827F48 /* View */,
				32C1884F1FB8D66900827F48 /* Controller */,
				32C1886B1FB8E30600827F48 /* Utils */,
				32C188531FB8D6C500827F48 /* Networking */,
				32C188521FB8D69700827F48 /* Support Files */,
				32C188491FB8D62D00827F48 /* Info.plist */,
			);
			path = NYTReader;
			sourceTree = "<group>";
		};
		32C1884F1FB8D66900827F48 /* Controller */ = {
			isa = PBXGroup;
			children = (
				3238CE6C1FB8ED380011F832 /* NYTNewsViewController.swift */,
			);
			path = Controller;
			sourceTree = "<group>";
		};
		32C188501FB8D67800827F48 /* View */ = {
			isa = PBXGroup;
			children = (
				3238CE6E1FB8EE2B0011F832 /* NYTNewsTableViewCell.swift */,
				3238CE701FB8F1F50011F832 /* NYTNewsPhotoView.swift */,
				3238CE721FB8F2040011F832 /* NYTNewsContentView.swift */,
			);
			path = View;
			sourceTree = "<group>";
		};
		32C188511FB8D67E00827F48 /* Model */ = {
			isa = PBXGroup;
			children = (
				32C188651FB8DFCC00827F48 /* News.swift */,
				32C1886F1FB8E7B600827F48 /* NewsCollection.swift */,
				32C188671FB8E0F100827F48 /* NewsPhoto.swift */,
			);
			path = Model;
			sourceTree = "<group>";
		};
		32C188521FB8D69700827F48 /* Support Files */ = {
			isa = PBXGroup;
			children = (
				32C1883D1FB8D62D00827F48 /* AppDelegate.swift */,
				32C188411FB8D62D00827F48 /* Main.storyboard */,
				32C188441FB8D62D00827F48 /* Assets.xcassets */,
				32C188461FB8D62D00827F48 /* LaunchScreen.storyboard */,
			);
			path = "Support Files";
			sourceTree = "<group>";
		};
		32C188531FB8D6C500827F48 /* Networking */ = {
			isa = PBXGroup;
			children = (
				32C188561FB8DBC700827F48 /* Client */,
				32C188571FB8DBCB00827F48 /* Request */,
			);
			path = Networking;
			sourceTree = "<group>";
		};
		32C188561FB8DBC700827F48 /* Client */ = {
			isa = PBXGroup;
			children = (
				32C188591FB8DBF200827F48 /* Client.swift */,
				32C188611FB8DE8300827F48 /* NYTClient.swift */,
			);
			path = Client;
			sourceTree = "<group>";
		};
		32C188571FB8DBCB00827F48 /* Request */ = {
			isa = PBXGroup;
			children = (
				32C1885B1FB8DC1700827F48 /* Request.swift */,
				32C1885D1FB8DC1E00827F48 /* Decoder.swift */,
				32C1885F1FB8DC2900827F48 /* Decodable.swift */,
				32C188631FB8DF7200827F48 /* NYTNewswireRequest.swift */,
			);
			path = Request;
			sourceTree = "<group>";
		};
		32C1886B1FB8E30600827F48 /* Utils */ = {
			isa = PBXGroup;
			children = (
				32C1886C1FB8E31100827F48 /* APIManager */,
				3238CE741FB93BCB0011F832 /* Extension */,
			);
			path = Utils;
			sourceTree = "<group>";
		};
		32C1886C1FB8E31100827F48 /* APIManager */ = {
			isa = PBXGroup;
			children = (
				32C1886D1FB8E31F00827F48 /* NYTNewsManager.swift */,
			);
			path = APIManager;
			sourceTree = "<group>";
		};
		891024CF0C642DE9E6F5CD11 /* Frameworks */ = {
			isa = PBXGroup;
			children = (
				6B5C6F2DF6300E8AA099A9E2 /* Pods_NYTReader.framework */,
			);
			name = Frameworks;
			sourceTree = "<group>";
		};
/* End PBXGroup section */

/* Begin PBXNativeTarget section */
		32C188391FB8D62D00827F48 /* NYTReader */ = {
			isa = PBXNativeTarget;
			buildConfigurationList = 32C1884C1FB8D62D00827F48 /* Build configuration list for PBXNativeTarget "NYTReader" */;
			buildPhases = (
				3C5FE7CDCC71A32E3D570CAB /* [CP] Check Pods Manifest.lock */,
				32C188361FB8D62D00827F48 /* Sources */,
				32C188371FB8D62D00827F48 /* Frameworks */,
				32C188381FB8D62D00827F48 /* Resources */,
				E6B2C8093858161FE12AE854 /* [CP] Embed Pods Frameworks */,
				5101BFDA3AC53A3A660069CC /* [CP] Copy Pods Resources */,
			);
			buildRules = (
			);
			dependencies = (
			);
			name = NYTReader;
			productName = NYTReader;
			productReference = 32C1883A1FB8D62D00827F48 /* NYTReader.app */;
			productType = "com.apple.product-type.application";
		};
/* End PBXNativeTarget section */

/* Begin PBXProject section */
		32C188321FB8D62D00827F48 /* Project object */ = {
			isa = PBXProject;
			attributes = {
				LastSwiftUpdateCheck = 0910;
				LastUpgradeCheck = 0910;
				ORGANIZATIONNAME = cwx;
				TargetAttributes = {
					32C188391FB8D62D00827F48 = {
						CreatedOnToolsVersion = 9.1;
						ProvisioningStyle = Automatic;
					};
				};
			};
			buildConfigurationList = 32C188351FB8D62D00827F48 /* Build configuration list for PBXProject "NYTReader" */;
			compatibilityVersion = "Xcode 8.0";
			developmentRegion = en;
			hasScannedForEncodings = 0;
			knownRegions = (
				en,
				Base,
			);
			mainGroup = 32C188311FB8D62D00827F48;
			productRefGroup = 32C1883B1FB8D62D00827F48 /* Products */;
			projectDirPath = "";
			projectRoot = "";
			targets = (
				32C188391FB8D62D00827F48 /* NYTReader */,
			);
		};
/* End PBXProject section */

/* Begin PBXResourcesBuildPhase section */
		32C188381FB8D62D00827F48 /* Resources */ = {
			isa = PBXResourcesBuildPhase;
			buildActionMask = 2147483647;
			files = (
				32C188481FB8D62D00827F48 /* LaunchScreen.storyboard in Resources */,
				32C188451FB8D62D00827F48 /* Assets.xcassets in Resources */,
				32C188431FB8D62D00827F48 /* Main.storyboard in Resources */,
			);
			runOnlyForDeploymentPostprocessing = 0;
		};
/* End PBXResourcesBuildPhase section */

/* Begin PBXShellScriptBuildPhase section */
		3C5FE7CDCC71A32E3D570CAB /* [CP] Check Pods Manifest.lock */ = {
			isa = PBXShellScriptBuildPhase;
			buildActionMask = 2147483647;
			files = (
			);
			inputPaths = (
				"${PODS_PODFILE_DIR_PATH}/Podfile.lock",
				"${PODS_ROOT}/Manifest.lock",
			);
			name = "[CP] Check Pods Manifest.lock";
			outputPaths = (
				"$(DERIVED_FILE_DIR)/Pods-NYTReader-checkManifestLockResult.txt",
			);
			runOnlyForDeploymentPostprocessing = 0;
			shellPath = /bin/sh;
			shellScript = "diff \"${PODS_PODFILE_DIR_PATH}/Podfile.lock\" \"${PODS_ROOT}/Manifest.lock\" > /dev/null\nif [ $? != 0 ] ; then\n    # print error to STDERR\n    echo \"error: The sandbox is not in sync with the Podfile.lock. Run 'pod install' or update your CocoaPods installation.\" >&2\n    exit 1\nfi\n# This output is used by Xcode 'outputs' to avoid re-running this script phase.\necho \"SUCCESS\" > \"${SCRIPT_OUTPUT_FILE_0}\"\n";
			showEnvVarsInLog = 0;
		};
		5101BFDA3AC53A3A660069CC /* [CP] Copy Pods Resources */ = {
			isa = PBXShellScriptBuildPhase;
			buildActionMask = 2147483647;
			files = (
			);
			inputPaths = (
			);
			name = "[CP] Copy Pods Resources";
			outputPaths = (
			);
			runOnlyForDeploymentPostprocessing = 0;
			shellPath = /bin/sh;
			shellScript = "\"${SRCROOT}/Pods/Target Support Files/Pods-NYTReader/Pods-NYTReader-resources.sh\"\n";
			showEnvVarsInLog = 0;
		};
		E6B2C8093858161FE12AE854 /* [CP] Embed Pods Frameworks */ = {
			isa = PBXShellScriptBuildPhase;
			buildActionMask = 2147483647;
			files = (
			);
			inputPaths = (
				"${SRCROOT}/Pods/Target Support Files/Pods-NYTReader/Pods-NYTReader-frameworks.sh",
				"${BUILT_PRODUCTS_DIR}/Alamofire/Alamofire.framework",
				"${BUILT_PRODUCTS_DIR}/Kingfisher/Kingfisher.framework",
				"${BUILT_PRODUCTS_DIR}/PromiseKit/PromiseKit.framework",
				"${BUILT_PRODUCTS_DIR}/SnapKit/SnapKit.framework",
				"${BUILT_PRODUCTS_DIR}/SwiftyJSON/SwiftyJSON.framework",
			);
			name = "[CP] Embed Pods Frameworks";
			outputPaths = (
				"${TARGET_BUILD_DIR}/${FRAMEWORKS_FOLDER_PATH}/Alamofire.framework",
				"${TARGET_BUILD_DIR}/${FRAMEWORKS_FOLDER_PATH}/Kingfisher.framework",
				"${TARGET_BUILD_DIR}/${FRAMEWORKS_FOLDER_PATH}/PromiseKit.framework",
				"${TARGET_BUILD_DIR}/${FRAMEWORKS_FOLDER_PATH}/SnapKit.framework",
				"${TARGET_BUILD_DIR}/${FRAMEWORKS_FOLDER_PATH}/SwiftyJSON.framework",
			);
			runOnlyForDeploymentPostprocessing = 0;
			shellPath = /bin/sh;
			shellScript = "\"${SRCROOT}/Pods/Target Support Files/Pods-NYTReader/Pods-NYTReader-frameworks.sh\"\n";
			showEnvVarsInLog = 0;
		};
/* End PBXShellScriptBuildPhase section */

/* Begin PBXSourcesBuildPhase section */
		32C188361FB8D62D00827F48 /* Sources */ = {
			isa = PBXSourcesBuildPhase;
			buildActionMask = 2147483647;
			files = (
				32C188621FB8DE8300827F48 /* NYTClient.swift in Sources */,
				32C188681FB8E0F100827F48 /* NewsPhoto.swift in Sources */,
				32C1885A1FB8DBF200827F48 /* Client.swift in Sources */,
				32C188661FB8DFCC00827F48 /* News.swift in Sources */,
				32C188701FB8E7B600827F48 /* NewsCollection.swift in Sources */,
				3238CE6D1FB8ED380011F832 /* NYTNewsViewController.swift in Sources */,
				32C1886E1FB8E31F00827F48 /* NYTNewsManager.swift in Sources */,
				32C1885C1FB8DC1700827F48 /* Request.swift in Sources */,
				3238CE711FB8F1F50011F832 /* NYTNewsPhotoView.swift in Sources */,
				32C1885E1FB8DC1E00827F48 /* Decoder.swift in Sources */,
				3238CE731FB8F2040011F832 /* NYTNewsContentView.swift in Sources */,
				32C188641FB8DF7200827F48 /* NYTNewswireRequest.swift in Sources */,
				3238CE781FB93CEB0011F832 /* String+Util.swift in Sources */,
				32C188601FB8DC2900827F48 /* Decodable.swift in Sources */,
				3238CE6F1FB8EE2B0011F832 /* NYTNewsTableViewCell.swift in Sources */,
				32C1883E1FB8D62D00827F48 /* AppDelegate.swift in Sources */,
			);
			runOnlyForDeploymentPostprocessing = 0;
		};
/* End PBXSourcesBuildPhase section */

/* Begin PBXVariantGroup section */
		32C188411FB8D62D00827F48 /* Main.storyboard */ = {
			isa = PBXVariantGroup;
			children = (
				32C188421FB8D62D00827F48 /* Base */,
			);
			name = Main.storyboard;
			sourceTree = "<group>";
		};
		32C188461FB8D62D00827F48 /* LaunchScreen.storyboard */ = {
			isa = PBXVariantGroup;
			children = (
				32C188471FB8D62D00827F48 /* Base */,
			);
			name = LaunchScreen.storyboard;
			sourceTree = "<group>";
		};
/* End PBXVariantGroup section */

/* Begin XCBuildConfiguration section */
		32C1884A1FB8D62D00827F48 /* Debug */ = {
			isa = XCBuildConfiguration;
			buildSettings = {
				ALWAYS_SEARCH_USER_PATHS = NO;
				CLANG_ANALYZER_NONNULL = YES;
				CLANG_ANALYZER_NUMBER_OBJECT_CONVERSION = YES_AGGRESSIVE;
				CLANG_CXX_LANGUAGE_STANDARD = "gnu++14";
				CLANG_CXX_LIBRARY = "libc++";
				CLANG_ENABLE_MODULES = YES;
				CLANG_ENABLE_OBJC_ARC = YES;
				CLANG_WARN_BLOCK_CAPTURE_AUTORELEASING = YES;
				CLANG_WARN_BOOL_CONVERSION = YES;
				CLANG_WARN_COMMA = YES;
				CLANG_WARN_CONSTANT_CONVERSION = YES;
				CLANG_WARN_DIRECT_OBJC_ISA_USAGE = YES_ERROR;
				CLANG_WARN_DOCUMENTATION_COMMENTS = YES;
				CLANG_WARN_EMPTY_BODY = YES;
				CLANG_WARN_ENUM_CONVERSION = YES;
				CLANG_WARN_INFINITE_RECURSION = YES;
				CLANG_WARN_INT_CONVERSION = YES;
				CLANG_WARN_NON_LITERAL_NULL_CONVERSION = YES;
				CLANG_WARN_OBJC_LITERAL_CONVERSION = YES;
				CLANG_WARN_OBJC_ROOT_CLASS = YES_ERROR;
				CLANG_WARN_RANGE_LOOP_ANALYSIS = YES;
				CLANG_WARN_STRICT_PROTOTYPES = YES;
				CLANG_WARN_SUSPICIOUS_MOVE = YES;
				CLANG_WARN_UNGUARDED_AVAILABILITY = YES_AGGRESSIVE;
				CLANG_WARN_UNREACHABLE_CODE = YES;
				CLANG_WARN__DUPLICATE_METHOD_MATCH = YES;
				CODE_SIGN_IDENTITY = "iPhone Developer";
				COPY_PHASE_STRIP = NO;
				DEBUG_INFORMATION_FORMAT = dwarf;
				ENABLE_STRICT_OBJC_MSGSEND = YES;
				ENABLE_TESTABILITY = YES;
				GCC_C_LANGUAGE_STANDARD = gnu11;
				GCC_DYNAMIC_NO_PIC = NO;
				GCC_NO_COMMON_BLOCKS = YES;
				GCC_OPTIMIZATION_LEVEL = 0;
				GCC_PREPROCESSOR_DEFINITIONS = (
					"DEBUG=1",
					"$(inherited)",
				);
				GCC_WARN_64_TO_32_BIT_CONVERSION = YES;
				GCC_WARN_ABOUT_RETURN_TYPE = YES_ERROR;
				GCC_WARN_UNDECLARED_SELECTOR = YES;
				GCC_WARN_UNINITIALIZED_AUTOS = YES_AGGRESSIVE;
				GCC_WARN_UNUSED_FUNCTION = YES;
				GCC_WARN_UNUSED_VARIABLE = YES;
				IPHONEOS_DEPLOYMENT_TARGET = 11.1;
				MTL_ENABLE_DEBUG_INFO = YES;
				ONLY_ACTIVE_ARCH = YES;
				SDKROOT = iphoneos;
				SWIFT_ACTIVE_COMPILATION_CONDITIONS = DEBUG;
				SWIFT_OPTIMIZATION_LEVEL = "-Onone";
			};
			name = Debug;
		};
		32C1884B1FB8D62D00827F48 /* Release */ = {
			isa = XCBuildConfiguration;
			buildSettings = {
				ALWAYS_SEARCH_USER_PATHS = NO;
				CLANG_ANALYZER_NONNULL = YES;
				CLANG_ANALYZER_NUMBER_OBJECT_CONVERSION = YES_AGGRESSIVE;
				CLANG_CXX_LANGUAGE_STANDARD = "gnu++14";
				CLANG_CXX_LIBRARY = "libc++";
				CLANG_ENABLE_MODULES = YES;
				CLANG_ENABLE_OBJC_ARC = YES;
				CLANG_WARN_BLOCK_CAPTURE_AUTORELEASING = YES;
				CLANG_WARN_BOOL_CONVERSION = YES;
				CLANG_WARN_COMMA = YES;
				CLANG_WARN_CONSTANT_CONVERSION = YES;
				CLANG_WARN_DIRECT_OBJC_ISA_USAGE = YES_ERROR;
				CLANG_WARN_DOCUMENTATION_COMMENTS = YES;
				CLANG_WARN_EMPTY_BODY = YES;
				CLANG_WARN_ENUM_CONVERSION = YES;
				CLANG_WARN_INFINITE_RECURSION = YES;
				CLANG_WARN_INT_CONVERSION = YES;
				CLANG_WARN_NON_LITERAL_NULL_CONVERSION = YES;
				CLANG_WARN_OBJC_LITERAL_CONVERSION = YES;
				CLANG_WARN_OBJC_ROOT_CLASS = YES_ERROR;
				CLANG_WARN_RANGE_LOOP_ANALYSIS = YES;
				CLANG_WARN_STRICT_PROTOTYPES = YES;
				CLANG_WARN_SUSPICIOUS_MOVE = YES;
				CLANG_WARN_UNGUARDED_AVAILABILITY = YES_AGGRESSIVE;
				CLANG_WARN_UNREACHABLE_CODE = YES;
				CLANG_WARN__DUPLICATE_METHOD_MATCH = YES;
				CODE_SIGN_IDENTITY = "iPhone Developer";
				COPY_PHASE_STRIP = NO;
				DEBUG_INFORMATION_FORMAT = "dwarf-with-dsym";
				ENABLE_NS_ASSERTIONS = NO;
				ENABLE_STRICT_OBJC_MSGSEND = YES;
				GCC_C_LANGUAGE_STANDARD = gnu11;
				GCC_NO_COMMON_BLOCKS = YES;
				GCC_WARN_64_TO_32_BIT_CONVERSION = YES;
				GCC_WARN_ABOUT_RETURN_TYPE = YES_ERROR;
				GCC_WARN_UNDECLARED_SELECTOR = YES;
				GCC_WARN_UNINITIALIZED_AUTOS = YES_AGGRESSIVE;
				GCC_WARN_UNUSED_FUNCTION = YES;
				GCC_WARN_UNUSED_VARIABLE = YES;
				IPHONEOS_DEPLOYMENT_TARGET = 11.1;
				MTL_ENABLE_DEBUG_INFO = NO;
				SDKROOT = iphoneos;
				SWIFT_OPTIMIZATION_LEVEL = "-Owholemodule";
				VALIDATE_PRODUCT = YES;
			};
			name = Release;
		};
		32C1884D1FB8D62D00827F48 /* Debug */ = {
			isa = XCBuildConfiguration;
			baseConfigurationReference = D4E3396BDB123314C1893ED4 /* Pods-NYTReader.debug.xcconfig */;
			buildSettings = {
				ASSETCATALOG_COMPILER_APPICON_NAME = AppIcon;
				CODE_SIGN_STYLE = Automatic;
				DEVELOPMENT_TEAM = 57P3EJEN3F;
				INFOPLIST_FILE = NYTReader/Info.plist;
				LD_RUNPATH_SEARCH_PATHS = "$(inherited) @executable_path/Frameworks";
				PRODUCT_BUNDLE_IDENTIFIER = com.cwx.NYTReader;
				PRODUCT_NAME = "$(TARGET_NAME)";
				SWIFT_VERSION = 4.0;
				TARGETED_DEVICE_FAMILY = "1,2";
			};
			name = Debug;
		};
		32C1884E1FB8D62D00827F48 /* Release */ = {
			isa = XCBuildConfiguration;
			baseConfigurationReference = F49EAB43D6C4BF590733888E /* Pods-NYTReader.release.xcconfig */;
			buildSettings = {
				ASSETCATALOG_COMPILER_APPICON_NAME = AppIcon;
				CODE_SIGN_STYLE = Automatic;
				DEVELOPMENT_TEAM = 57P3EJEN3F;
				INFOPLIST_FILE = NYTReader/Info.plist;
				LD_RUNPATH_SEARCH_PATHS = "$(inherited) @executable_path/Frameworks";
				PRODUCT_BUNDLE_IDENTIFIER = com.cwx.NYTReader;
				PRODUCT_NAME = "$(TARGET_NAME)";
				SWIFT_VERSION = 4.0;
				TARGETED_DEVICE_FAMILY = "1,2";
			};
			name = Release;
		};
/* End XCBuildConfiguration section */

/* Begin XCConfigurationList section */
		32C188351FB8D62D00827F48 /* Build configuration list for PBXProject "NYTReader" */ = {
			isa = XCConfigurationList;
			buildConfigurations = (
				32C1884A1FB8D62D00827F48 /* Debug */,
				32C1884B1FB8D62D00827F48 /* Release */,
			);
			defaultConfigurationIsVisible = 0;
			defaultConfigurationName = Release;
		};
		32C1884C1FB8D62D00827F48 /* Build configuration list for PBXNativeTarget "NYTReader" */ = {
			isa = XCConfigurationList;
			buildConfigurations = (
				32C1884D1FB8D62D00827F48 /* Debug */,
				32C1884E1FB8D62D00827F48 /* Release */,
			);
			defaultConfigurationIsVisible = 0;
			defaultConfigurationName = Release;
		};
/* End XCConfigurationList section */
	};
	rootObject = 32C188321FB8D62D00827F48 /* Project object */;
}
